
Microsoft Visual Studio Solution File, Format Version 12.00
Project("{FAE04EC0-301F-11D3-BF4B-00C04F79EFBC}") = "ShopManagement", "ShopManagement\ShopManagement.csproj", "{7F059FD6-B914-4CE5-BFB0-CA1681194A79}"
EndProject
Project("{FAE04EC0-301F-11D3-BF4B-00C04F79EFBC}") = "ShopManagement.DatabaseModel", "ShopManagement.DatabaseModel\ShopManagement.DatabaseModel.csproj", "{D7EC59B2-71BA-442C-ADA5-E7B05DBB7C29}"
EndProject
Project("{FAE04EC0-301F-11D3-BF4B-00C04F79EFBC}") = "ShopManagement.CreateProduct", "ShopManagement.CreateProduct\ShopManagement.CreateProduct.csproj", "{F5892710-1C9D-479B-A0E6-0093463222CA}"
EndProject
Global
	GlobalSection(SolutionConfigurationPlatforms) = preSolution
		Debug|Any CPU = Debug|Any CPU
		Release|Any CPU = Release|Any CPU
	EndGlobalSection
	GlobalSection(ProjectConfigurationPlatforms) = postSolution
		{7F059FD6-B914-4CE5-BFB0-CA1681194A79}.Debug|Any CPU.ActiveCfg = Debug|Any CPU
		{7F059FD6-B914-4CE5-BFB0-CA1681194A79}.Debug|Any CPU.Build.0 = Debug|Any CPU
		{7F059FD6-B914-4CE5-BFB0-CA1681194A79}.Release|Any CPU.ActiveCfg = Release|Any CPU
		{7F059FD6-B914-4CE5-BFB0-CA1681194A79}.Release|Any CPU.Build.0 = Release|Any CPU
		{D7EC59B2-71BA-442C-ADA5-E7B05DBB7C29}.Debug|Any CPU.ActiveCfg = Debug|Any CPU
		{D7EC59B2-71BA-442C-ADA5-E7B05DBB7C29}.Debug|Any CPU.Build.0 = Debug|Any CPU
		{D7EC59B2-71BA-442C-ADA5-E7B05DBB7C29}.Release|Any CPU.ActiveCfg = Release|Any CPU
		{D7EC59B2-71BA-442C-ADA5-E7B05DBB7C29}.Release|Any CPU.Build.0 = Release|Any CPU
		{F5892710-1C9D-479B-A0E6-0093463222CA}.Debug|Any CPU.ActiveCfg = Debug|Any CPU
		{F5892710-1C9D-479B-A0E6-0093463222CA}.Debug|Any CPU.Build.0 = Debug|Any CPU
		{F5892710-1C9D-479B-A0E6-0093463222CA}.Release|Any CPU.ActiveCfg = Release|Any CPU
		{F5892710-1C9D-479B-A0E6-0093463222CA}.Release|Any CPU.Build.0 = Release|Any CPU
	EndGlobalSection
EndGlobal
